// !$*UTF8*$!
{
	archiveVersion = 1;
	classes = {
	};
	objectVersion = 55;
	objects = {

/* Begin PBXBuildFile section */
		16EC09462935199900D804F4 /* View.swift in Sources */ = {isa = PBXBuildFile; fileRef = 16EC09452935199900D804F4 /* View.swift */; };
		5313EA272935A5EC00C97BBC /* Localizable.strings in Resources */ = {isa = PBXBuildFile; fileRef = 5313EA292935A5EC00C97BBC /* Localizable.strings */; };
		5313EA2D2935AAD500C97BBC /* InfoPlist.strings in Resources */ = {isa = PBXBuildFile; fileRef = 5313EA2F2935AAD500C97BBC /* InfoPlist.strings */; };
		5313EA332935AEC800C97BBC /* english.png in Resources */ = {isa = PBXBuildFile; fileRef = 5313EA352935AEC800C97BBC /* english.png */; };
		53B081C22934F1C600E40A82 /* AppDelegate.swift in Sources */ = {isa = PBXBuildFile; fileRef = 53B081C12934F1C600E40A82 /* AppDelegate.swift */; };
		53B081C42934F1C600E40A82 /* SceneDelegate.swift in Sources */ = {isa = PBXBuildFile; fileRef = 53B081C32934F1C600E40A82 /* SceneDelegate.swift */; };
		53B081C62934F1C600E40A82 /* LanguageController.swift in Sources */ = {isa = PBXBuildFile; fileRef = 53B081C52934F1C600E40A82 /* LanguageController.swift */; };
		53B081CB2934F1C900E40A82 /* Assets.xcassets in Resources */ = {isa = PBXBuildFile; fileRef = 53B081CA2934F1C900E40A82 /* Assets.xcassets */; };
		53B081CE2934F1C900E40A82 /* LaunchScreen.storyboard in Resources */ = {isa = PBXBuildFile; fileRef = 53B081CC2934F1C900E40A82 /* LaunchScreen.storyboard */; };
/* End PBXBuildFile section */

/* Begin PBXFileReference section */
		16EC09452935199900D804F4 /* View.swift */ = {isa = PBXFileReference; lastKnownFileType = sourcecode.swift; path = View.swift; sourceTree = "<group>"; };
		5313EA282935A5EC00C97BBC /* en */ = {isa = PBXFileReference; lastKnownFileType = text.plist.strings; name = en; path = en.lproj/Localizable.strings; sourceTree = "<group>"; };
		5313EA2A2935A5F200C97BBC /* zh-Hant */ = {isa = PBXFileReference; lastKnownFileType = text.plist.strings; name = "zh-Hant"; path = "zh-Hant.lproj/Localizable.strings"; sourceTree = "<group>"; };
		5313EA2E2935AAD500C97BBC /* en */ = {isa = PBXFileReference; lastKnownFileType = text.plist.strings; name = en; path = en.lproj/InfoPlist.strings; sourceTree = "<group>"; };
		5313EA302935AAD700C97BBC /* zh-Hant */ = {isa = PBXFileReference; lastKnownFileType = text.plist.strings; name = "zh-Hant"; path = "zh-Hant.lproj/InfoPlist.strings"; sourceTree = "<group>"; };
		5313EA342935AEC800C97BBC /* en */ = {isa = PBXFileReference; lastKnownFileType = image.png; name = en; path = en.lproj/english.png; sourceTree = "<group>"; };
		5313EA362935AECB00C97BBC /* zh-Hant */ = {isa = PBXFileReference; lastKnownFileType = image.png; name = "zh-Hant"; path = "zh-Hant.lproj/english.png"; sourceTree = "<group>"; };
		53B081BE2934F1C600E40A82 /* LanguageTest.app */ = {isa = PBXFileReference; explicitFileType = wrapper.application; includeInIndex = 0; path = LanguageTest.app; sourceTree = BUILT_PRODUCTS_DIR; };
		53B081C12934F1C600E40A82 /* AppDelegate.swift */ = {isa = PBXFileReference; lastKnownFileType = sourcecode.swift; path = AppDelegate.swift; sourceTree = "<group>"; };
		53B081C32934F1C600E40A82 /* SceneDelegate.swift */ = {isa = PBXFileReference; lastKnownFileType = sourcecode.swift; path = SceneDelegate.swift; sourceTree = "<group>"; };
		53B081C52934F1C600E40A82 /* LanguageController.swift */ = {isa = PBXFileReference; lastKnownFileType = sourcecode.swift; path = LanguageController.swift; sourceTree = "<group>"; };
		53B081CA2934F1C900E40A82 /* Assets.xcassets */ = {isa = PBXFileReference; lastKnownFileType = folder.assetcatalog; path = Assets.xcassets; sourceTree = "<group>"; };
		53B081CD2934F1C900E40A82 /* Base */ = {isa = PBXFileReference; lastKnownFileType = file.storyboard; name = Base; path = Base.lproj/LaunchScreen.storyboard; sourceTree = "<group>"; };
		53B081CF2934F1C900E40A82 /* Info.plist */ = {isa = PBXFileReference; lastKnownFileType = text.plist.xml; path = Info.plist; sourceTree = "<group>"; };
/* End PBXFileReference section */

/* Begin PBXFrameworksBuildPhase section */
		53B081BB2934F1C600E40A82 /* Frameworks */ = {
			isa = PBXFrameworksBuildPhase;
			buildActionMask = 2147483647;
			files = (
			);
			runOnlyForDeploymentPostprocessing = 0;
		};
/* End PBXFrameworksBuildPhase section */

/* Begin PBXGroup section */
		16EC0944293518D800D804F4 /* Extension */ = {
			isa = PBXGroup;
			children = (
				16EC09452935199900D804F4 /* View.swift */,
			);
			path = Extension;
			sourceTree = "<group>";
		};
		53B081B52934F1C600E40A82 = {
			isa = PBXGroup;
			children = (
				53B081C02934F1C600E40A82 /* LanguageTest */,
				53B081BF2934F1C600E40A82 /* Products */,
			);
			sourceTree = "<group>";
		};
		53B081BF2934F1C600E40A82 /* Products */ = {
			isa = PBXGroup;
			children = (
				53B081BE2934F1C600E40A82 /* LanguageTest.app */,
			);
			name = Products;
			sourceTree = "<group>";
		};
		53B081C02934F1C600E40A82 /* LanguageTest */ = {
			isa = PBXGroup;
			children = (
				16EC0944293518D800D804F4 /* Extension */,
				53B081C12934F1C600E40A82 /* AppDelegate.swift */,
				53B081C32934F1C600E40A82 /* SceneDelegate.swift */,
				53B081C52934F1C600E40A82 /* LanguageController.swift */,
				5313EA2F2935AAD500C97BBC /* InfoPlist.strings */,
				53B081CA2934F1C900E40A82 /* Assets.xcassets */,
				5313EA352935AEC800C97BBC /* english.png */,
				53B081CC2934F1C900E40A82 /* LaunchScreen.storyboard */,
				53B081CF2934F1C900E40A82 /* Info.plist */,
				5313EA292935A5EC00C97BBC /* Localizable.strings */,
			);
			path = LanguageTest;
			sourceTree = "<group>";
		};
/* End PBXGroup section */

/* Begin PBXNativeTarget section */
		53B081BD2934F1C600E40A82 /* LanguageTest */ = {
			isa = PBXNativeTarget;
			buildConfigurationList = 53B081D22934F1C900E40A82 /* Build configuration list for PBXNativeTarget "LanguageTest" */;
			buildPhases = (
				53B081BA2934F1C600E40A82 /* Sources */,
				53B081BB2934F1C600E40A82 /* Frameworks */,
				53B081BC2934F1C600E40A82 /* Resources */,
			);
			buildRules = (
			);
			dependencies = (
			);
			name = LanguageTest;
			productName = LanguageTest;
			productReference = 53B081BE2934F1C600E40A82 /* LanguageTest.app */;
			productType = "com.apple.product-type.application";
		};
/* End PBXNativeTarget section */

/* Begin PBXProject section */
		53B081B62934F1C600E40A82 /* Project object */ = {
			isa = PBXProject;
			attributes = {
				BuildIndependentTargetsInParallel = 1;
				LastSwiftUpdateCheck = 1340;
				LastUpgradeCheck = 1340;
				TargetAttributes = {
					53B081BD2934F1C600E40A82 = {
						CreatedOnToolsVersion = 13.4;
					};
				};
			};
			buildConfigurationList = 53B081B92934F1C600E40A82 /* Build configuration list for PBXProject "LanguageTest" */;
			compatibilityVersion = "Xcode 13.0";
			developmentRegion = en;
			hasScannedForEncodings = 0;
			knownRegions = (
				en,
				Base,
				"zh-Hant",
			);
			mainGroup = 53B081B52934F1C600E40A82;
			productRefGroup = 53B081BF2934F1C600E40A82 /* Products */;
			projectDirPath = "";
			projectRoot = "";
			targets = (
				53B081BD2934F1C600E40A82 /* LanguageTest */,
			);
		};
/* End PBXProject section */

/* Begin PBXResourcesBuildPhase section */
		53B081BC2934F1C600E40A82 /* Resources */ = {
			isa = PBXResourcesBuildPhase;
			buildActionMask = 2147483647;
			files = (
				5313EA332935AEC800C97BBC /* english.png in Resources */,
				53B081CE2934F1C900E40A82 /* LaunchScreen.storyboard in Resources */,
				5313EA2D2935AAD500C97BBC /* InfoPlist.strings in Resources */,
				5313EA272935A5EC00C97BBC /* Localizable.strings in Resources */,
				53B081CB2934F1C900E40A82 /* Assets.xcassets in Resources */,
			);
			runOnlyForDeploymentPostprocessing = 0;
		};
/* End PBXResourcesBuildPhase section */

/* Begin PBXSourcesBuildPhase section */
		53B081BA2934F1C600E40A82 /* Sources */ = {
			isa = PBXSourcesBuildPhase;
			buildActionMask = 2147483647;
			files = (
				16EC09462935199900D804F4 /* View.swift in Sources */,
				53B081C62934F1C600E40A82 /* LanguageController.swift in Sources */,
				53B081C22934F1C600E40A82 /* AppDelegate.swift in Sources */,
				53B081C42934F1C600E40A82 /* SceneDelegate.swift in Sources */,
			);
			runOnlyForDeploymentPostprocessing = 0;
		};
/* End PBXSourcesBuildPhase section */

/* Begin PBXVariantGroup section */
		5313EA292935A5EC00C97BBC /* Localizable.strings */ = {
			isa = PBXVariantGroup;
			children = (
				5313EA282935A5EC00C97BBC /* en */,
				5313EA2A2935A5F200C97BBC /* zh-Hant */,
			);
			name = Localizable.strings;
			sourceTree = "<group>";
		};
		5313EA2F2935AAD500C97BBC /* InfoPlist.strings */ = {
			isa = PBXVariantGroup;
			children = (
				5313EA2E2935AAD500C97BBC /* en */,
				5313EA302935AAD700C97BBC /* zh-Hant */,
			);
			name = InfoPlist.strings;
			sourceTree = "<group>";
		};
		5313EA352935AEC800C97BBC /* english.png */ = {
			isa = PBXVariantGroup;
			children = (
				5313EA342935AEC800C97BBC /* en */,
				5313EA362935AECB00C97BBC /* zh-Hant */,
			);
			name = english.png;
			sourceTree = "<group>";
		};
		53B081CC2934F1C900E40A82 /* LaunchScreen.storyboard */ = {
			isa = PBXVariantGroup;
			children = (
				53B081CD2934F1C900E40A82 /* Base */,
			);
			name = LaunchScreen.storyboard;
			sourceTree = "<group>";
		};
/* End PBXVariantGroup section */

/* Begin XCBuildConfiguration section */
		53B081D02934F1C900E40A82 /* Debug */ = {
			isa = XCBuildConfiguration;
			buildSettings = {
				ALWAYS_SEARCH_USER_PATHS = NO;
				CLANG_ANALYZER_LOCALIZABILITY_NONLOCALIZED = YES;
				CLANG_ANALYZER_NONNULL = YES;
				CLANG_ANALYZER_NUMBER_OBJECT_CONVERSION = YES_AGGRESSIVE;
				CLANG_CXX_LANGUAGE_STANDARD = "gnu++17";
				CLANG_ENABLE_MODULES = YES;
				CLANG_ENABLE_OBJC_ARC = YES;
				CLANG_ENABLE_OBJC_WEAK = YES;
				CLANG_WARN_BLOCK_CAPTURE_AUTORELEASING = YES;
				CLANG_WARN_BOOL_CONVERSION = YES;
				CLANG_WARN_COMMA = YES;
				CLANG_WARN_CONSTANT_CONVERSION = YES;
				CLANG_WARN_DEPRECATED_OBJC_IMPLEMENTATIONS = YES;
				CLANG_WARN_DIRECT_OBJC_ISA_USAGE = YES_ERROR;
				CLANG_WARN_DOCUMENTATION_COMMENTS = YES;
				CLANG_WARN_EMPTY_BODY = YES;
				CLANG_WARN_ENUM_CONVERSION = YES;
				CLANG_WARN_INFINITE_RECURSION = YES;
				CLANG_WARN_INT_CONVERSION = YES;
				CLANG_WARN_NON_LITERAL_NULL_CONVERSION = YES;
				CLANG_WARN_OBJC_IMPLICIT_RETAIN_SELF = YES;
				CLANG_WARN_OBJC_LITERAL_CONVERSION = YES;
				CLANG_WARN_OBJC_ROOT_CLASS = YES_ERROR;
				CLANG_WARN_QUOTED_INCLUDE_IN_FRAMEWORK_HEADER = YES;
				CLANG_WARN_RANGE_LOOP_ANALYSIS = YES;
				CLANG_WARN_STRICT_PROTOTYPES = YES;
				CLANG_WARN_SUSPICIOUS_MOVE = YES;
				CLANG_WARN_UNGUARDED_AVAILABILITY = YES_AGGRESSIVE;
				CLANG_WARN_UNREACHABLE_CODE = YES;
				CLANG_WARN__DUPLICATE_METHOD_MATCH = YES;
				COPY_PHASE_STRIP = NO;
				DEBUG_INFORMATION_FORMAT = dwarf;
				ENABLE_STRICT_OBJC_MSGSEND = YES;
				ENABLE_TESTABILITY = YES;
				GCC_C_LANGUAGE_STANDARD = gnu11;
				GCC_DYNAMIC_NO_PIC = NO;
				GCC_NO_COMMON_BLOCKS = YES;
				GCC_OPTIMIZATION_LEVEL = 0;
				GCC_PREPROCESSOR_DEFINITIONS = (
					"DEBUG=1",
					"$(inherited)",
				);
				GCC_WARN_64_TO_32_BIT_CONVERSION = YES;
				GCC_WARN_ABOUT_RETURN_TYPE = YES_ERROR;
				GCC_WARN_UNDECLARED_SELECTOR = YES;
				GCC_WARN_UNINITIALIZED_AUTOS = YES_AGGRESSIVE;
				GCC_WARN_UNUSED_FUNCTION = YES;
				GCC_WARN_UNUSED_VARIABLE = YES;
				IPHONEOS_DEPLOYMENT_TARGET = 15.5;
				MTL_ENABLE_DEBUG_INFO = INCLUDE_SOURCE;
				MTL_FAST_MATH = YES;
				ONLY_ACTIVE_ARCH = YES;
				SDKROOT = iphoneos;
				SWIFT_ACTIVE_COMPILATION_CONDITIONS = DEBUG;
				SWIFT_OPTIMIZATION_LEVEL = "-Onone";
			};
			name = Debug;
		};
		53B081D12934F1C900E40A82 /* Release */ = {
			isa = XCBuildConfiguration;
			buildSettings = {
				ALWAYS_SEARCH_USER_PATHS = NO;
				CLANG_ANALYZER_LOCALIZABILITY_NONLOCALIZED = YES;
				CLANG_ANALYZER_NONNULL = YES;
				CLANG_ANALYZER_NUMBER_OBJECT_CONVERSION = YES_AGGRESSIVE;
				CLANG_CXX_LANGUAGE_STANDARD = "gnu++17";
				CLANG_ENABLE_MODULES = YES;
				CLANG_ENABLE_OBJC_ARC = YES;
				CLANG_ENABLE_OBJC_WEAK = YES;
				CLANG_WARN_BLOCK_CAPTURE_AUTORELEASING = YES;
				CLANG_WARN_BOOL_CONVERSION = YES;
				CLANG_WARN_COMMA = YES;
				CLANG_WARN_CONSTANT_CONVERSION = YES;
				CLANG_WARN_DEPRECATED_OBJC_IMPLEMENTATIONS = YES;
				CLANG_WARN_DIRECT_OBJC_ISA_USAGE = YES_ERROR;
				CLANG_WARN_DOCUMENTATION_COMMENTS = YES;
				CLANG_WARN_EMPTY_BODY = YES;
				CLANG_WARN_ENUM_CONVERSION = YES;
				CLANG_WARN_INFINITE_RECURSION = YES;
				CLANG_WARN_INT_CONVERSION = YES;
				CLANG_WARN_NON_LITERAL_NULL_CONVERSION = YES;
				CLANG_WARN_OBJC_IMPLICIT_RETAIN_SELF = YES;
				CLANG_WARN_OBJC_LITERAL_CONVERSION = YES;
				CLANG_WARN_OBJC_ROOT_CLASS = YES_ERROR;
				CLANG_WARN_QUOTED_INCLUDE_IN_FRAMEWORK_HEADER = YES;
				CLANG_WARN_RANGE_LOOP_ANALYSIS = YES;
				CLANG_WARN_STRICT_PROTOTYPES = YES;
				CLANG_WARN_SUSPICIOUS_MOVE = YES;
				CLANG_WARN_UNGUARDED_AVAILABILITY = YES_AGGRESSIVE;
				CLANG_WARN_UNREACHABLE_CODE = YES;
				CLANG_WARN__DUPLICATE_METHOD_MATCH = YES;
				COPY_PHASE_STRIP = NO;
				DEBUG_INFORMATION_FORMAT = "dwarf-with-dsym";
				ENABLE_NS_ASSERTIONS = NO;
				ENABLE_STRICT_OBJC_MSGSEND = YES;
				GCC_C_LANGUAGE_STANDARD = gnu11;
				GCC_NO_COMMON_BLOCKS = YES;
				GCC_WARN_64_TO_32_BIT_CONVERSION = YES;
				GCC_WARN_ABOUT_RETURN_TYPE = YES_ERROR;
				GCC_WARN_UNDECLARED_SELECTOR = YES;
				GCC_WARN_UNINITIALIZED_AUTOS = YES_AGGRESSIVE;
				GCC_WARN_UNUSED_FUNCTION = YES;
				GCC_WARN_UNUSED_VARIABLE = YES;
				IPHONEOS_DEPLOYMENT_TARGET = 15.5;
				MTL_ENABLE_DEBUG_INFO = NO;
				MTL_FAST_MATH = YES;
				SDKROOT = iphoneos;
				SWIFT_COMPILATION_MODE = wholemodule;
				SWIFT_OPTIMIZATION_LEVEL = "-O";
				VALIDATE_PRODUCT = YES;
			};
			name = Release;
		};
		53B081D32934F1C900E40A82 /* Debug */ = {
			isa = XCBuildConfiguration;
			buildSettings = {
				ASSETCATALOG_COMPILER_APPICON_NAME = AppIcon;
				ASSETCATALOG_COMPILER_GLOBAL_ACCENT_COLOR_NAME = AccentColor;
				CODE_SIGN_STYLE = Automatic;
				CURRENT_PROJECT_VERSION = 1;
				DEVELOPMENT_TEAM = 3W9683M8RM;
				GENERATE_INFOPLIST_FILE = YES;
				INFOPLIST_FILE = LanguageTest/Info.plist;
				INFOPLIST_KEY_UIApplicationSupportsIndirectInputEvents = YES;
				INFOPLIST_KEY_UILaunchStoryboardName = LaunchScreen;
				INFOPLIST_KEY_UISupportedInterfaceOrientations_iPad = "UIInterfaceOrientationPortrait UIInterfaceOrientationPortraitUpsideDown UIInterfaceOrientationLandscapeLeft UIInterfaceOrientationLandscapeRight";
				INFOPLIST_KEY_UISupportedInterfaceOrientations_iPhone = "UIInterfaceOrientationPortrait UIInterfaceOrientationLandscapeLeft UIInterfaceOrientationLandscapeRight";
				LD_RUNPATH_SEARCH_PATHS = (
					"$(inherited)",
					"@executable_path/Frameworks",
				);
				MARKETING_VERSION = 1.0;
				PRODUCT_BUNDLE_IDENTIFIER = com.croxera.LanguageTest;
				PRODUCT_NAME = "$(TARGET_NAME)";
				SWIFT_EMIT_LOC_STRINGS = YES;
				SWIFT_VERSION = 5.0;
				TARGETED_DEVICE_FAMILY = "1,2";
			};
			name = Debug;
		};
		53B081D42934F1C900E40A82 /* Release */ = {
			isa = XCBuildConfiguration;
			buildSettings = {
				ASSETCATALOG_COMPILER_APPICON_NAME = AppIcon;
				ASSETCATALOG_COMPILER_GLOBAL_ACCENT_COLOR_NAME = AccentColor;
				CODE_SIGN_STYLE = Automatic;
				CURRENT_PROJECT_VERSION = 1;
				DEVELOPMENT_TEAM = 3W9683M8RM;
				GENERATE_INFOPLIST_FILE = YES;
				INFOPLIST_FILE = LanguageTest/Info.plist;
				INFOPLIST_KEY_UIApplicationSupportsIndirectInputEvents = YES;
				INFOPLIST_KEY_UILaunchStoryboardName = LaunchScreen;
				INFOPLIST_KEY_UISupportedInterfaceOrientations_iPad = "UIInterfaceOrientationPortrait UIInterfaceOrientationPortraitUpsideDown UIInterfaceOrientationLandscapeLeft UIInterfaceOrientationLandscapeRight";
				INFOPLIST_KEY_UISupportedInterfaceOrientations_iPhone = "UIInterfaceOrientationPortrait UIInterfaceOrientationLandscapeLeft UIInterfaceOrientationLandscapeRight";
				LD_RUNPATH_SEARCH_PATHS = (
					"$(inherited)",
					"@executable_path/Frameworks",
				);
				MARKETING_VERSION = 1.0;
				PRODUCT_BUNDLE_IDENTIFIER = com.croxera.LanguageTest;
				PRODUCT_NAME = "$(TARGET_NAME)";
				SWIFT_EMIT_LOC_STRINGS = YES;
				SWIFT_VERSION = 5.0;
				TARGETED_DEVICE_FAMILY = "1,2";
			};
			name = Release;
		};
/* End XCBuildConfiguration section */

/* Begin XCConfigurationList section */
		53B081B92934F1C600E40A82 /* Build configuration list for PBXProject "LanguageTest" */ = {
			isa = XCConfigurationList;
			buildConfigurations = (
				53B081D02934F1C900E40A82 /* Debug */,
				53B081D12934F1C900E40A82 /* Release */,
			);
			defaultConfigurationIsVisible = 0;
			defaultConfigurationName = Release;
		};
		53B081D22934F1C900E40A82 /* Build configuration list for PBXNativeTarget "LanguageTest" */ = {
			isa = XCConfigurationList;
			buildConfigurations = (
				53B081D32934F1C900E40A82 /* Debug */,
				53B081D42934F1C900E40A82 /* Release */,
			);
			defaultConfigurationIsVisible = 0;
			defaultConfigurationName = Release;
		};
/* End XCConfigurationList section */
	};
	rootObject = 53B081B62934F1C600E40A82 /* Project object */;
}
